
Microsoft Visual Studio Solution File, Format Version 12.00
# Visual Studio Version 17
VisualStudioVersion = 17.7.34202.233
MinimumVisualStudioVersion = 10.0.40219.1
Project("{9A19103F-16F7-4668-BE54-9A1E7A4F7556}") = "DeliveryService.Domain", "DeliveryService.Domain\DeliveryService.Domain.csproj", "{3ED2B268-02FE-4E25-B097-3C3BE8482AA7}"
EndProject
Project("{9A19103F-16F7-4668-BE54-9A1E7A4F7556}") = "DeliveryService.Shared", "DeliveryService.Shared\DeliveryService.Shared.csproj", "{4BE304EB-9272-4C51-8F2A-BEEA5D635687}"
EndProject
Project("{FAE04EC0-301F-11D3-BF4B-00C04F79EFBC}") = "DeliveryService.Tests", "DeliveryService.Tests\DeliveryService.Tests.csproj", "{D6EDB336-01B8-461A-91F5-7982E7C46FFE}"
EndProject
Global
	GlobalSection(SolutionConfigurationPlatforms) = preSolution
		Debug|Any CPU = Debug|Any CPU
		Release|Any CPU = Release|Any CPU
	EndGlobalSection
	GlobalSection(ProjectConfigurationPlatforms) = postSolution
		{3ED2B268-02FE-4E25-B097-3C3BE8482AA7}.Debug|Any CPU.ActiveCfg = Debug|Any CPU
		{3ED2B268-02FE-4E25-B097-3C3BE8482AA7}.Debug|Any CPU.Build.0 = Debug|Any CPU
		{3ED2B268-02FE-4E25-B097-3C3BE8482AA7}.Release|Any CPU.ActiveCfg = Release|Any CPU
		{3ED2B268-02FE-4E25-B097-3C3BE8482AA7}.Release|Any CPU.Build.0 = Release|Any CPU
		{4BE304EB-9272-4C51-8F2A-BEEA5D635687}.Debug|Any CPU.ActiveCfg = Debug|Any CPU
		{4BE304EB-9272-4C51-8F2A-BEEA5D635687}.Debug|Any CPU.Build.0 = Debug|Any CPU
		{4BE304EB-9272-4C51-8F2A-BEEA5D635687}.Release|Any CPU.ActiveCfg = Release|Any CPU
		{4BE304EB-9272-4C51-8F2A-BEEA5D635687}.Release|Any CPU.Build.0 = Release|Any CPU
		{D6EDB336-01B8-461A-91F5-7982E7C46FFE}.Debug|Any CPU.ActiveCfg = Debug|Any CPU
		{D6EDB336-01B8-461A-91F5-7982E7C46FFE}.Debug|Any CPU.Build.0 = Debug|Any CPU
		{D6EDB336-01B8-461A-91F5-7982E7C46FFE}.Release|Any CPU.ActiveCfg = Release|Any CPU
		{D6EDB336-01B8-461A-91F5-7982E7C46FFE}.Release|Any CPU.Build.0 = Release|Any CPU
	EndGlobalSection
	GlobalSection(SolutionProperties) = preSolution
		HideSolutionNode = FALSE
	EndGlobalSection
	GlobalSection(ExtensibilityGlobals) = postSolution
		SolutionGuid = {CB73D0DC-77FA-4328-8DBD-798F873ECF57}
	EndGlobalSection
EndGlobal
